
Microsoft Visual Studio Solution File, Format Version 12.00
# Visual Studio Version 17
VisualStudioVersion = 17.4.33213.308
MinimumVisualStudioVersion = 10.0.40219.1
Project("{FAE04EC0-301F-11D3-BF4B-00C04F79EFBC}") = "StapelAppWPF", "StapelAppWPF.csproj", "{BECC21AF-8490-4DF0-B7BD-5B21492AF8E0}"
EndProject
Global
	GlobalSection(SolutionConfigurationPlatforms) = preSolution
		Debug|Any CPU = Debug|Any CPU
		Release|Any CPU = Release|Any CPU
	EndGlobalSection
	GlobalSection(ProjectConfigurationPlatforms) = postSolution
		{BECC21AF-8490-4DF0-B7BD-5B21492AF8E0}.Debug|Any CPU.ActiveCfg = Debug|Any CPU
		{BECC21AF-8490-4DF0-B7BD-5B21492AF8E0}.Debug|Any CPU.Build.0 = Debug|Any CPU
		{BECC21AF-8490-4DF0-B7BD-5B21492AF8E0}.Release|Any CPU.ActiveCfg = Release|Any CPU
		{BECC21AF-8490-4DF0-B7BD-5B21492AF8E0}.Release|Any CPU.Build.0 = Release|Any CPU
	EndGlobalSection
	GlobalSection(SolutionProperties) = preSolution
		HideSolutionNode = FALSE
	EndGlobalSection
	GlobalSection(ExtensibilityGlobals) = postSolution
		SolutionGuid = {1A616FA8-A002-4954-9006-7227F6FCF0A1}
	EndGlobalSection
EndGlobal
